
Microsoft Visual Studio Solution File, Format Version 12.00
# Visual Studio 2012
Project("{E24C65DC-7377-472B-9ABA-BC803B73C61A}") = "NodeServer", "http://localhost:48398", "{CAB57119-DCF9-482E-A114-C86DA60D29BA}"
	ProjectSection(WebsiteProperties) = preProject
		UseIISExpress = "true"
		TargetFrameworkMoniker = ".NETFramework,Version%3Dv4.0"
		Debug.AspNetCompiler.VirtualPath = "/localhost_48398"
		Debug.AspNetCompiler.PhysicalPath = "NodeServer\"
		Debug.AspNetCompiler.TargetPath = "PrecompiledWeb\localhost_48398\"
		Debug.AspNetCompiler.Updateable = "true"
		Debug.AspNetCompiler.ForceOverwrite = "true"
		Debug.AspNetCompiler.FixedNames = "false"
		Debug.AspNetCompiler.Debug = "True"
		Release.AspNetCompiler.VirtualPath = "/localhost_48398"
		Release.AspNetCompiler.PhysicalPath = "NodeServer\"
		Release.AspNetCompiler.TargetPath = "PrecompiledWeb\localhost_48398\"
		Release.AspNetCompiler.Updateable = "true"
		Release.AspNetCompiler.ForceOverwrite = "true"
		Release.AspNetCompiler.FixedNames = "false"
		Release.AspNetCompiler.Debug = "False"
		SlnRelativePath = "NodeServer\"
		DefaultWebSiteLanguage = "Visual C#"
	EndProjectSection
EndProject
Project("{E24C65DC-7377-472B-9ABA-BC803B73C61A}") = "Web", "http://localhost:48690", "{88636039-A8E6-4003-BC60-D9CC5BABD400}"
	ProjectSection(WebsiteProperties) = preProject
		UseIISExpress = "true"
		TargetFrameworkMoniker = ".NETFramework,Version%3Dv4.0"
		Debug.AspNetCompiler.VirtualPath = "/localhost_48690"
		Debug.AspNetCompiler.PhysicalPath = "Web\"
		Debug.AspNetCompiler.TargetPath = "PrecompiledWeb\localhost_48690\"
		Debug.AspNetCompiler.Updateable = "true"
		Debug.AspNetCompiler.ForceOverwrite = "true"
		Debug.AspNetCompiler.FixedNames = "false"
		Debug.AspNetCompiler.Debug = "True"
		Release.AspNetCompiler.VirtualPath = "/localhost_48690"
		Release.AspNetCompiler.PhysicalPath = "Web\"
		Release.AspNetCompiler.TargetPath = "PrecompiledWeb\localhost_48690\"
		Release.AspNetCompiler.Updateable = "true"
		Release.AspNetCompiler.ForceOverwrite = "true"
		Release.AspNetCompiler.FixedNames = "false"
		Release.AspNetCompiler.Debug = "False"
		SlnRelativePath = "Web\"
		DefaultWebSiteLanguage = "Visual C#"
	EndProjectSection
EndProject
Project("{FAE04EC0-301F-11D3-BF4B-00C04F79EFBC}") = "FuckApi", "FuckApi\FuckApi.csproj", "{134CFA04-6C4C-4B9F-AE20-E47A65A1E9B4}"
EndProject
Global
	GlobalSection(SolutionConfigurationPlatforms) = preSolution
		Debug|Any CPU = Debug|Any CPU
		Release|Any CPU = Release|Any CPU
	EndGlobalSection
	GlobalSection(ProjectConfigurationPlatforms) = postSolution
		{CAB57119-DCF9-482E-A114-C86DA60D29BA}.Debug|Any CPU.ActiveCfg = Debug|Any CPU
		{CAB57119-DCF9-482E-A114-C86DA60D29BA}.Debug|Any CPU.Build.0 = Debug|Any CPU
		{CAB57119-DCF9-482E-A114-C86DA60D29BA}.Release|Any CPU.ActiveCfg = Debug|Any CPU
		{CAB57119-DCF9-482E-A114-C86DA60D29BA}.Release|Any CPU.Build.0 = Debug|Any CPU
		{88636039-A8E6-4003-BC60-D9CC5BABD400}.Debug|Any CPU.ActiveCfg = Debug|Any CPU
		{88636039-A8E6-4003-BC60-D9CC5BABD400}.Debug|Any CPU.Build.0 = Debug|Any CPU
		{88636039-A8E6-4003-BC60-D9CC5BABD400}.Release|Any CPU.ActiveCfg = Debug|Any CPU
		{88636039-A8E6-4003-BC60-D9CC5BABD400}.Release|Any CPU.Build.0 = Debug|Any CPU
		{134CFA04-6C4C-4B9F-AE20-E47A65A1E9B4}.Debug|Any CPU.ActiveCfg = Debug|Any CPU
		{134CFA04-6C4C-4B9F-AE20-E47A65A1E9B4}.Debug|Any CPU.Build.0 = Debug|Any CPU
		{134CFA04-6C4C-4B9F-AE20-E47A65A1E9B4}.Release|Any CPU.ActiveCfg = Release|Any CPU
		{134CFA04-6C4C-4B9F-AE20-E47A65A1E9B4}.Release|Any CPU.Build.0 = Release|Any CPU
	EndGlobalSection
	GlobalSection(SolutionProperties) = preSolution
		HideSolutionNode = FALSE
	EndGlobalSection
EndGlobal
